
Microsoft Visual Studio Solution File, Format Version 12.00
# Visual Studio Version 17
VisualStudioVersion = 17.4.33122.133
MinimumVisualStudioVersion = 10.0.40219.1
Project("{2150E333-8FDC-42A3-9474-1A3956D46DE8}") = "Sqs", "Sqs", "{F9A61E7E-6D82-45FF-8019-B3AD233ADE3D}"
EndProject
Project("{9A19103F-16F7-4668-BE54-9A1E7A4F7556}") = "SqsPublisher", "Sqs\SqsPublisher\SqsPublisher.csproj", "{1937DD2A-A72C-48D1-86EF-E435C30CB23F}"
EndProject
Project("{9A19103F-16F7-4668-BE54-9A1E7A4F7556}") = "SqsConsumer", "Sqs\SqsConsumer\SqsConsumer.csproj", "{F1C559FA-5FD1-4B17-AE1D-86F1B7606891}"
EndProject
Project("{9A19103F-16F7-4668-BE54-9A1E7A4F7556}") = "Customers.Api", "Sqs\Customers.Api\Customers.Api.csproj", "{77F0D52E-29AC-43CF-8233-A6E2B1EBAB17}"
EndProject
Project("{9A19103F-16F7-4668-BE54-9A1E7A4F7556}") = "Customers.Consumer", "Sqs\Customers.Consumer\Customers.Consumer.csproj", "{3B1B9A35-F55B-4DBA-9B03-BE64B173BE30}"
EndProject
Project("{2150E333-8FDC-42A3-9474-1A3956D46DE8}") = "Solution Items", "Solution Items", "{18256660-3D40-42EB-945A-EB27584F811C}"
	ProjectSection(SolutionItems) = preProject
		README.md = README.md
	EndProjectSection
EndProject
Project("{2150E333-8FDC-42A3-9474-1A3956D46DE8}") = "Sns", "Sns", "{C466CE3A-B050-45CA-9332-A7A7AD3EDEC3}"
EndProject
Project("{9A19103F-16F7-4668-BE54-9A1E7A4F7556}") = "SnsPublisher", "Sns\SnsPublisher\SnsPublisher.csproj", "{1331AC7F-8476-48D6-BE5B-128F9D844E5B}"
EndProject
Project("{9A19103F-16F7-4668-BE54-9A1E7A4F7556}") = "SnsConsumer", "Sns\SnsConsumer\SnsConsumer.csproj", "{D5790972-8B36-418B-88C7-BB5C722C22A7}"
EndProject
Project("{9A19103F-16F7-4668-BE54-9A1E7A4F7556}") = "Customers.Api", "Sns\Customers.Api\Customers.Api.csproj", "{B1C4C57C-C467-400E-AA25-45E944E906E5}"
EndProject
Project("{2150E333-8FDC-42A3-9474-1A3956D46DE8}") = "DynamoDB", "DynamoDB", "{C182474B-D4EE-4EA4-AA9F-BCC920DA7BAA}"
EndProject
Project("{9A19103F-16F7-4668-BE54-9A1E7A4F7556}") = "Customers.Api", "DynamoDB\Customers.Api\Customers.Api.csproj", "{98B3305A-79AC-4AF3-9589-C48D764EC3DF}"
EndProject
Project("{2150E333-8FDC-42A3-9474-1A3956D46DE8}") = "S3", "S3", "{C9B14F1A-D5E1-46D0-B6C3-FC1A46DAAD59}"
EndProject
Project("{9A19103F-16F7-4668-BE54-9A1E7A4F7556}") = "Customers.Api", "S3\Customers.Api\Customers.Api.csproj", "{643BF4E7-A1E0-4A0C-85CB-F2E55A2DB468}"
EndProject
Global
	GlobalSection(SolutionConfigurationPlatforms) = preSolution
		Debug|Any CPU = Debug|Any CPU
		Release|Any CPU = Release|Any CPU
	EndGlobalSection
	GlobalSection(ProjectConfigurationPlatforms) = postSolution
		{1937DD2A-A72C-48D1-86EF-E435C30CB23F}.Debug|Any CPU.ActiveCfg = Debug|Any CPU
		{1937DD2A-A72C-48D1-86EF-E435C30CB23F}.Debug|Any CPU.Build.0 = Debug|Any CPU
		{1937DD2A-A72C-48D1-86EF-E435C30CB23F}.Release|Any CPU.ActiveCfg = Release|Any CPU
		{1937DD2A-A72C-48D1-86EF-E435C30CB23F}.Release|Any CPU.Build.0 = Release|Any CPU
		{F1C559FA-5FD1-4B17-AE1D-86F1B7606891}.Debug|Any CPU.ActiveCfg = Debug|Any CPU
		{F1C559FA-5FD1-4B17-AE1D-86F1B7606891}.Debug|Any CPU.Build.0 = Debug|Any CPU
		{F1C559FA-5FD1-4B17-AE1D-86F1B7606891}.Release|Any CPU.ActiveCfg = Release|Any CPU
		{F1C559FA-5FD1-4B17-AE1D-86F1B7606891}.Release|Any CPU.Build.0 = Release|Any CPU
		{77F0D52E-29AC-43CF-8233-A6E2B1EBAB17}.Debug|Any CPU.ActiveCfg = Debug|Any CPU
		{77F0D52E-29AC-43CF-8233-A6E2B1EBAB17}.Debug|Any CPU.Build.0 = Debug|Any CPU
		{77F0D52E-29AC-43CF-8233-A6E2B1EBAB17}.Release|Any CPU.ActiveCfg = Release|Any CPU
		{77F0D52E-29AC-43CF-8233-A6E2B1EBAB17}.Release|Any CPU.Build.0 = Release|Any CPU
		{3B1B9A35-F55B-4DBA-9B03-BE64B173BE30}.Debug|Any CPU.ActiveCfg = Debug|Any CPU
		{3B1B9A35-F55B-4DBA-9B03-BE64B173BE30}.Debug|Any CPU.Build.0 = Debug|Any CPU
		{3B1B9A35-F55B-4DBA-9B03-BE64B173BE30}.Release|Any CPU.ActiveCfg = Release|Any CPU
		{3B1B9A35-F55B-4DBA-9B03-BE64B173BE30}.Release|Any CPU.Build.0 = Release|Any CPU
		{1331AC7F-8476-48D6-BE5B-128F9D844E5B}.Debug|Any CPU.ActiveCfg = Debug|Any CPU
		{1331AC7F-8476-48D6-BE5B-128F9D844E5B}.Debug|Any CPU.Build.0 = Debug|Any CPU
		{1331AC7F-8476-48D6-BE5B-128F9D844E5B}.Release|Any CPU.ActiveCfg = Release|Any CPU
		{1331AC7F-8476-48D6-BE5B-128F9D844E5B}.Release|Any CPU.Build.0 = Release|Any CPU
		{D5790972-8B36-418B-88C7-BB5C722C22A7}.Debug|Any CPU.ActiveCfg = Debug|Any CPU
		{D5790972-8B36-418B-88C7-BB5C722C22A7}.Debug|Any CPU.Build.0 = Debug|Any CPU
		{D5790972-8B36-418B-88C7-BB5C722C22A7}.Release|Any CPU.ActiveCfg = Release|Any CPU
		{D5790972-8B36-418B-88C7-BB5C722C22A7}.Release|Any CPU.Build.0 = Release|Any CPU
		{B1C4C57C-C467-400E-AA25-45E944E906E5}.Debug|Any CPU.ActiveCfg = Debug|Any CPU
		{B1C4C57C-C467-400E-AA25-45E944E906E5}.Debug|Any CPU.Build.0 = Debug|Any CPU
		{B1C4C57C-C467-400E-AA25-45E944E906E5}.Release|Any CPU.ActiveCfg = Release|Any CPU
		{B1C4C57C-C467-400E-AA25-45E944E906E5}.Release|Any CPU.Build.0 = Release|Any CPU
		{98B3305A-79AC-4AF3-9589-C48D764EC3DF}.Debug|Any CPU.ActiveCfg = Debug|Any CPU
		{98B3305A-79AC-4AF3-9589-C48D764EC3DF}.Debug|Any CPU.Build.0 = Debug|Any CPU
		{98B3305A-79AC-4AF3-9589-C48D764EC3DF}.Release|Any CPU.ActiveCfg = Release|Any CPU
		{98B3305A-79AC-4AF3-9589-C48D764EC3DF}.Release|Any CPU.Build.0 = Release|Any CPU
		{643BF4E7-A1E0-4A0C-85CB-F2E55A2DB468}.Debug|Any CPU.ActiveCfg = Debug|Any CPU
		{643BF4E7-A1E0-4A0C-85CB-F2E55A2DB468}.Debug|Any CPU.Build.0 = Debug|Any CPU
		{643BF4E7-A1E0-4A0C-85CB-F2E55A2DB468}.Release|Any CPU.ActiveCfg = Release|Any CPU
		{643BF4E7-A1E0-4A0C-85CB-F2E55A2DB468}.Release|Any CPU.Build.0 = Release|Any CPU
	EndGlobalSection
	GlobalSection(SolutionProperties) = preSolution
		HideSolutionNode = FALSE
	EndGlobalSection
	GlobalSection(NestedProjects) = preSolution
		{1937DD2A-A72C-48D1-86EF-E435C30CB23F} = {F9A61E7E-6D82-45FF-8019-B3AD233ADE3D}
		{F1C559FA-5FD1-4B17-AE1D-86F1B7606891} = {F9A61E7E-6D82-45FF-8019-B3AD233ADE3D}
		{77F0D52E-29AC-43CF-8233-A6E2B1EBAB17} = {F9A61E7E-6D82-45FF-8019-B3AD233ADE3D}
		{3B1B9A35-F55B-4DBA-9B03-BE64B173BE30} = {F9A61E7E-6D82-45FF-8019-B3AD233ADE3D}
		{1331AC7F-8476-48D6-BE5B-128F9D844E5B} = {C466CE3A-B050-45CA-9332-A7A7AD3EDEC3}
		{D5790972-8B36-418B-88C7-BB5C722C22A7} = {C466CE3A-B050-45CA-9332-A7A7AD3EDEC3}
		{B1C4C57C-C467-400E-AA25-45E944E906E5} = {C466CE3A-B050-45CA-9332-A7A7AD3EDEC3}
		{98B3305A-79AC-4AF3-9589-C48D764EC3DF} = {C182474B-D4EE-4EA4-AA9F-BCC920DA7BAA}
		{643BF4E7-A1E0-4A0C-85CB-F2E55A2DB468} = {C9B14F1A-D5E1-46D0-B6C3-FC1A46DAAD59}
	EndGlobalSection
	GlobalSection(ExtensibilityGlobals) = postSolution
		SolutionGuid = {6113F729-F769-4FA0-9A64-6C6746C2F64F}
	EndGlobalSection
EndGlobal
